
Microsoft Visual Studio Solution File, Format Version 12.00
# Visual Studio Version 17
VisualStudioVersion = 17.0.32002.185
MinimumVisualStudioVersion = 10.0.40219.1
Project("{8BC9CEB8-8B4A-11D0-8D11-00A0C91BC942}") = "Day12", "Day12\Day12.vcxproj", "{28C87022-70AF-4402-9C9F-86469D2AA4F3}"
EndProject
Project("{8BC9CEB8-8B4A-11D0-8D11-00A0C91BC942}") = "Day13", "Day13\Day13.vcxproj", "{E653A1BD-0B89-46C3-BE63-67638E5474DF}"
EndProject
Project("{8BC9CEB8-8B4A-11D0-8D11-00A0C91BC942}") = "Day14", "Day14\Day14.vcxproj", "{DC7ED151-113E-44D3-A6B3-C2CEEACE9A23}"
EndProject
Project("{8BC9CEB8-8B4A-11D0-8D11-00A0C91BC942}") = "Day15", "Day15\Day15.vcxproj", "{50784199-C086-42CE-8C45-44FF7D9AD890}"
EndProject
Global
	GlobalSection(SolutionConfigurationPlatforms) = preSolution
		Debug|x64 = Debug|x64
		Debug|x86 = Debug|x86
		Release|x64 = Release|x64
		Release|x86 = Release|x86
	EndGlobalSection
	GlobalSection(ProjectConfigurationPlatforms) = postSolution
		{28C87022-70AF-4402-9C9F-86469D2AA4F3}.Debug|x64.ActiveCfg = Debug|x64
		{28C87022-70AF-4402-9C9F-86469D2AA4F3}.Debug|x64.Build.0 = Debug|x64
		{28C87022-70AF-4402-9C9F-86469D2AA4F3}.Debug|x86.ActiveCfg = Debug|Win32
		{28C87022-70AF-4402-9C9F-86469D2AA4F3}.Debug|x86.Build.0 = Debug|Win32
		{28C87022-70AF-4402-9C9F-86469D2AA4F3}.Release|x64.ActiveCfg = Release|x64
		{28C87022-70AF-4402-9C9F-86469D2AA4F3}.Release|x64.Build.0 = Release|x64
		{28C87022-70AF-4402-9C9F-86469D2AA4F3}.Release|x86.ActiveCfg = Release|Win32
		{28C87022-70AF-4402-9C9F-86469D2AA4F3}.Release|x86.Build.0 = Release|Win32
		{E653A1BD-0B89-46C3-BE63-67638E5474DF}.Debug|x64.ActiveCfg = Debug|x64
		{E653A1BD-0B89-46C3-BE63-67638E5474DF}.Debug|x64.Build.0 = Debug|x64
		{E653A1BD-0B89-46C3-BE63-67638E5474DF}.Debug|x86.ActiveCfg = Debug|Win32
		{E653A1BD-0B89-46C3-BE63-67638E5474DF}.Debug|x86.Build.0 = Debug|Win32
		{E653A1BD-0B89-46C3-BE63-67638E5474DF}.Release|x64.ActiveCfg = Release|x64
		{E653A1BD-0B89-46C3-BE63-67638E5474DF}.Release|x64.Build.0 = Release|x64
		{E653A1BD-0B89-46C3-BE63-67638E5474DF}.Release|x86.ActiveCfg = Release|Win32
		{E653A1BD-0B89-46C3-BE63-67638E5474DF}.Release|x86.Build.0 = Release|Win32
		{DC7ED151-113E-44D3-A6B3-C2CEEACE9A23}.Debug|x64.ActiveCfg = Debug|x64
		{DC7ED151-113E-44D3-A6B3-C2CEEACE9A23}.Debug|x64.Build.0 = Debug|x64
		{DC7ED151-113E-44D3-A6B3-C2CEEACE9A23}.Debug|x86.ActiveCfg = Debug|Win32
		{DC7ED151-113E-44D3-A6B3-C2CEEACE9A23}.Debug|x86.Build.0 = Debug|Win32
		{DC7ED151-113E-44D3-A6B3-C2CEEACE9A23}.Release|x64.ActiveCfg = Release|x64
		{DC7ED151-113E-44D3-A6B3-C2CEEACE9A23}.Release|x64.Build.0 = Release|x64
		{DC7ED151-113E-44D3-A6B3-C2CEEACE9A23}.Release|x86.ActiveCfg = Release|Win32
		{DC7ED151-113E-44D3-A6B3-C2CEEACE9A23}.Release|x86.Build.0 = Release|Win32
		{50784199-C086-42CE-8C45-44FF7D9AD890}.Debug|x64.ActiveCfg = Debug|x64
		{50784199-C086-42CE-8C45-44FF7D9AD890}.Debug|x64.Build.0 = Debug|x64
		{50784199-C086-42CE-8C45-44FF7D9AD890}.Debug|x86.ActiveCfg = Debug|Win32
		{50784199-C086-42CE-8C45-44FF7D9AD890}.Debug|x86.Build.0 = Debug|Win32
		{50784199-C086-42CE-8C45-44FF7D9AD890}.Release|x64.ActiveCfg = Release|x64
		{50784199-C086-42CE-8C45-44FF7D9AD890}.Release|x64.Build.0 = Release|x64
		{50784199-C086-42CE-8C45-44FF7D9AD890}.Release|x86.ActiveCfg = Release|Win32
		{50784199-C086-42CE-8C45-44FF7D9AD890}.Release|x86.Build.0 = Release|Win32
	EndGlobalSection
	GlobalSection(SolutionProperties) = preSolution
		HideSolutionNode = FALSE
	EndGlobalSection
	GlobalSection(ExtensibilityGlobals) = postSolution
		SolutionGuid = {644A7D9C-E9EC-4043-A58F-643F2DBF488F}
	EndGlobalSection
EndGlobal
